
Microsoft Visual Studio Solution File, Format Version 12.00
# Visual Studio Version 16
VisualStudioVersion = 16.0.31205.134
MinimumVisualStudioVersion = 10.0.40219.1
Project("{FAE04EC0-301F-11D3-BF4B-00C04F79EFBC}") = "SignalRMaster", "SignalRMaster\SignalRMaster.csproj", "{885D7D06-909B-45EA-B9DC-8B3B3827B045}"
EndProject
Project("{FAE04EC0-301F-11D3-BF4B-00C04F79EFBC}") = "SignalRClient", "SignalRClient\SignalRClient.csproj", "{6CCC7A2B-457F-4268-AF11-64C0B5ED5020}"
EndProject
Global
	GlobalSection(SolutionConfigurationPlatforms) = preSolution
		Debug|Any CPU = Debug|Any CPU
		Release|Any CPU = Release|Any CPU
	EndGlobalSection
	GlobalSection(ProjectConfigurationPlatforms) = postSolution
		{885D7D06-909B-45EA-B9DC-8B3B3827B045}.Debug|Any CPU.ActiveCfg = Debug|Any CPU
		{885D7D06-909B-45EA-B9DC-8B3B3827B045}.Debug|Any CPU.Build.0 = Debug|Any CPU
		{885D7D06-909B-45EA-B9DC-8B3B3827B045}.Release|Any CPU.ActiveCfg = Release|Any CPU
		{885D7D06-909B-45EA-B9DC-8B3B3827B045}.Release|Any CPU.Build.0 = Release|Any CPU
		{6CCC7A2B-457F-4268-AF11-64C0B5ED5020}.Debug|Any CPU.ActiveCfg = Debug|Any CPU
		{6CCC7A2B-457F-4268-AF11-64C0B5ED5020}.Debug|Any CPU.Build.0 = Debug|Any CPU
		{6CCC7A2B-457F-4268-AF11-64C0B5ED5020}.Release|Any CPU.ActiveCfg = Release|Any CPU
		{6CCC7A2B-457F-4268-AF11-64C0B5ED5020}.Release|Any CPU.Build.0 = Release|Any CPU
	EndGlobalSection
	GlobalSection(SolutionProperties) = preSolution
		HideSolutionNode = FALSE
	EndGlobalSection
	GlobalSection(ExtensibilityGlobals) = postSolution
		SolutionGuid = {AE86733C-9A2C-477D-B61A-7963FE5D10EE}
	EndGlobalSection
EndGlobal
